
Microsoft Visual Studio Solution File, Format Version 12.00
# Visual Studio Version 17
VisualStudioVersion = 17.9.34728.123
MinimumVisualStudioVersion = 10.0.40219.1
Project("{FAE04EC0-301F-11D3-BF4B-00C04F79EFBC}") = "TaskManagement", "TaskManagement.csproj", "{7722FB1D-D4C5-4A62-BC5A-AA278B3CEA2C}"
EndProject
Global
	GlobalSection(SolutionConfigurationPlatforms) = preSolution
		Debug|Any CPU = Debug|Any CPU
		Release|Any CPU = Release|Any CPU
	EndGlobalSection
	GlobalSection(ProjectConfigurationPlatforms) = postSolution
		{7722FB1D-D4C5-4A62-BC5A-AA278B3CEA2C}.Debug|Any CPU.ActiveCfg = Debug|Any CPU
		{7722FB1D-D4C5-4A62-BC5A-AA278B3CEA2C}.Debug|Any CPU.Build.0 = Debug|Any CPU
		{7722FB1D-D4C5-4A62-BC5A-AA278B3CEA2C}.Release|Any CPU.ActiveCfg = Release|Any CPU
		{7722FB1D-D4C5-4A62-BC5A-AA278B3CEA2C}.Release|Any CPU.Build.0 = Release|Any CPU
	EndGlobalSection
	GlobalSection(SolutionProperties) = preSolution
		HideSolutionNode = FALSE
	EndGlobalSection
	GlobalSection(ExtensibilityGlobals) = postSolution
		SolutionGuid = {62223237-678A-4C2A-9481-05D468637AD5}
	EndGlobalSection
EndGlobal
